PODS:
  - EGOTableViewPullRefresh (0.1.0)
  - Reachability (3.1.1)
  - Reddydog (1.0.0)
  - SDWebImage (3.5.4):
    - SDWebImage/Core
  - SDWebImage/Core (3.5.4)
  - TTTAttributedLabel (1.8.1)

DEPENDENCIES:
  - EGOTableViewPullRefresh (~> 0.1.0)
  - Reachability (~> 3.1.1)
  - Reddydog (from `~/Downloads/Reddydog/Reddydog/Reddydog.podspec`)
  - SDWebImage (~> 3.5.2)
  - TTTAttributedLabel (~> 1.8.1)

EXTERNAL SOURCES:
  Reddydog:
    :path: ~/Downloads/Reddydog/Reddydog/Reddydog.podspec

SPEC CHECKSUMS:
  EGOTableViewPullRefresh: 04bb7d115f660c91a036ebade5e6678c7ef26c59
  Reachability: 8e9635e3cb4f98e7f825e51147f677ecc694d0e7
  Reddydog: f22cb22fe93642cc30c37beb631cdf3b2ab15538
  SDWebImage: 571295c8acbb699505a0f68e54506147c3de9ea7
  TTTAttributedLabel: 2be49e23f10fc87130272e03160bdb938835c51c

COCOAPODS: 0.32.1
